dmitri.shuralyov.com/text/kebabcase v0.0.0-20180217051803-40e40b42552a/go.mod h1:3YpR/7A6nvWHA/oFH66Hp/dJ5A2gM63I3xkA/3FV6tY=
github.com/BurntSushi/toml v0.3.0/go.mod h1:xHWCNGjB5oqiDr8zfno3MHue2Ht5sIBksp03qcyfWMU=
github.com/BurntSushi/toml v0.3.1 h1:WXkYYl6Yr3qBf1K79EBnL4mak0OimBfB0XUf9Vl28OQ=
github.com/BurntSushi/toml v0.3.1/go.mod h1:xHWCNGjB5oqiDr8zfno3MHue2Ht5sIBksp03qcyfWMU=
github.com/Masterminds/semver v1.4.2/go.mod h1:MB6lktGJrhw8PrUyiEoblNEGEQ+RzHPF078ddwwvV3Y=
github.com/ajg/form v0.0.0-20160802194845-cc2954064ec9/go.mod h1:uL1WgH+h2mgNtvBq0339dVnzXdBETtL2LeUXaIv25UY=
github.com/ajg/form v0.0.0-20160822230020-523a5da1a92f h1:zvClvFQwU++UpIUBGC8YmDlfhUrweEy1R1Fj1gu5iIM=
github.com/ajg/form v0.0.0-20160822230020-523a5da1a92f/go.mod h1:uL1WgH+h2mgNtvBq0339dVnzXdBETtL2LeUXaIv25UY=
github.com/cockroachdb/cockroach-go v0.0.0-20180212155653-59c0560478b7 h1:XFqp7VFIbbJO1hlpGbzo45NVYWVIM2eMD9MAxrOTVzU=
github.com/cockroachdb/cockroach-go v0.0.0-20180212155653-59c0560478b7/go.mod h1:XGLbWH/ujMcbPbhZq52Nv6UrCghb1yGn//133kEsvDk=
github.com/codegangsta/negroni v1.0.0 h1:+aYywywx4bnKXWvoWtRfJ91vC59NbEhEY03sZjQhbVY=
github.com/codegangsta/negroni v1.0.0/go.mod h1:v0y3T5G7Y1UlFfyxFn/QLRU4a2EuNau2iZY63YTKWo0=
github.com/davecgh/go-spew v1.1.0/go.mod h1:J7Y8YcW2NihsgmVo/mv3lAwl/skON4iLHjSsI+c5H38=
github.com/davecgh/go-spew v1.1.1 h1:vj9j/u1bqnvCEfJOwUhtlOARqs3+rkHYY13jYWTU97c=
github.com/davecgh/go-spew v1.1.1/go.mod h1:J7Y8YcW2NihsgmVo/mv3lAwl/skON4iLHjSsI+c5H38=
github.com/dgrijalva/jwt-go v3.2.0+incompatible h1:7qlOGliEKZXTDg6OTjfoBKDXWrumCAMpl/TFQ4/5kLM=
github.com/dgrijalva/jwt-go v3.2.0+incompatible/go.mod h1:E3ru+11k8xSBh+hMPgOLZmtrrCbhqsmaPHjLKYnJCaQ=
github.com/dustin/go-humanize v0.0.0-20180713052910-9f541cc9db5d h1:lDrio3iIdNb0Gw9CgH7cQF+iuB5mOOjdJ9ERNJCBgb4=
github.com/dustin/go-humanize v0.0.0-20180713052910-9f541cc9db5d/go.mod h1:HtrtbFcZ19U5GC7JDqmcUSB87Iq5E25KnS6fMYU6eOk=
github.com/fatih/color v1.7.0 h1:DkWD4oS2D8LGGgTQ6IvwJJXSL5Vp2ffcQg58nFV38Ys=
github.com/fatih/color v1.7.0/go.mod h1:Zm6kSWBoL9eyXnKyktHP6abPY2pDugNf5KwzbycvMj4=
github.com/fatih/structs v1.0.0 h1:BrX964Rv5uQ3wwS+KRUAJCBBw5PQmgJfJ6v4yly5QwU=
github.com/fatih/structs v1.0.0/go.mod h1:9NiDSp5zOcgEDl+j00MP/WkGVPOlPRLejGD8Ga6PJ7M=
github.com/fsnotify/fsnotify v1.4.7 h1:IXs+QLmnXW2CcXuY+8Mzv/fWEsPGWxqefPtCP5CnV9I=
github.com/fsnotify/fsnotify v1.4.7/go.mod h1:jwhsz4b93w/PPRr/qN1Yymfu8t87LnFCMoQvtojpjFo=
github.com/go-sql-driver/mysql v1.4.0 h1:7LxgVwFb2hIQtMm87NdgAVfXjnt4OePseqT1tKx+opk=
github.com/go-sql-driver/mysql v1.4.0/go.mod h1:zAC/RDZ24gD3HViQzih4MyKcchzm+sOG5ZlKdlhCg5w=
github.com/gobuffalo/buffalo v0.12.6/go.mod h1:kp1qgfbzOQGfN+iXKPiVsKHXx16/XsnF9eB8nZawdEs=
github.com/gobuffalo/buffalo-plugins v0.0.0-20180911185405-ca94b2cb30ad/go.mod h1:yswo2GHH1n0e2X6c5U2nsGcUZdeWYtj831GwOwE5GRE=
github.com/gobuffalo/buffalo-plugins v0.0.0-20180922213526-48fd94ed4832/go.mod h1:KW70gBMJxv+qSWDH1IETEKHGJ69J3JAtPFySrI8JWCA=
github.com/gobuffalo/buffalo-plugins v0.0.0-20180924041210-6ea00eeaef92 h1:uM8fJMZ/bQdGgcmnj9Ui4vGoN9YWdbQV0Q+5O+Rb/jU=
github.com/gobuffalo/buffalo-plugins v0.0.0-20180924041210-6ea00eeaef92/go.mod h1:9jKbOfuvtAFgLoWh1Lxv29bjcz2RyNdi9LPvrXrbjNs=
github.com/gobuffalo/buffalo-pop v0.0.0-20180924015429-afa730c68d32 h1:kK1iFjBM6qerdQPhSC5AnWJv3kE/f7w2AbUkRxL9Ido=
github.com/gobuffalo/buffalo-pop v0.0.0-20180924015429-afa730c68d32/go.mod h1:Gw1oxYfFf0a2aypZK0KRkGZfmGnUz8w98xOBbFnL6ts=
github.com/gobuffalo/envy v1.6.3/go.mod h1:gOxUQY+OEwqH1a2m25Sqax1GIhj31tPNOIdFzj8QThs=
github.com/gobuffalo/envy v1.6.4 h1:kxamN+VYjPMzEdjc2mn4CIKiuYXGxc8VIwXJNixFlNY=
github.com/gobuffalo/envy v1.6.4/go.mod h1:Abh+Jfw475/NWtYMEt+hnJWRiC8INKWibIMyNt1w2Mc=
github.com/gobuffalo/events v0.0.0-20180919212028-867dc2348bad/go.mod h1:llrZYJ6ap/G7OwAEIbGJzyKlzWJy/F84lPgilFIBpH4=
github.com/gobuffalo/events v0.0.0-20180922214205-bcd0f5dd556a/go.mod h1:1y8L9VCEC17GFRd98juWpWqIX7WXvDDJ3W1qNy02iHg=
github.com/gobuffalo/events v0.0.0-20180924042527-b0372953254d/go.mod h1:rSHVdTfkpJgtv4ZaMihvdxA/3dw6Rzfse75/ewrm08M=
github.com/gobuffalo/events v1.0.2 h1:9sokzhPipEL6mN+KHxs6dNSE+WcPa+vNZSC9qTGnBbc=
github.com/gobuffalo/events v1.0.2/go.mod h1:i+LaFjejdNAXYYy/wjTf9FD/9I2cnxI+38YxBaSsNX0=
github.com/gobuffalo/fizz v1.0.7/go.mod h1:fbtmvB0dcsGJUxM/S8biqkQtvykqPQGdkcg94zVu8GA=
github.com/gobuffalo/fizz v1.0.10 h1:MspJcEEBN2eApqiFd4tuoTpYZF6wM5B6/Ink/rJcqOI=
github.com/gobuffalo/fizz v1.0.10/go.mod h1:jpD+pJ065MDYCc4nA86aUQ/ovwCjGGNl4zq4xrAxJa0=
github.com/gobuffalo/flect v0.0.0-20180902163941-e03d6ccf1b21/go.mod h1:rCiQgmAE4axgBNl3jZWzS5rETRYTGOsrixTRaCPzNdA=
github.com/gobuffalo/flect v0.0.0-20180907193754-dc14d8acaf9f/go.mod h1:rCiQgmAE4axgBNl3jZWzS5rETRYTGOsrixTRaCPzNdA=
github.com/gobuffalo/genny v0.0.0-20180904214332-b7dcbfc7ea0a/go.mod h1:CX+ymPzTO0Ti5qRyCFdtu78AncVEQ5QVe5cEeqMURJs=
github.com/gobuffalo/genny v0.0.0-20180905180744-ca4140706556/go.mod h1:FZNXcfF+FuV4i8BANht5bghYawahu+sIrDdES9govgw=
github.com/gobuffalo/genny v0.0.0-20180911182620-ca7c22ecfecc/go.mod h1:HbQtrpn9s0isId+tZMmU6Qssj5ag0Ce2Lj3qd3qBblE=
github.com/gobuffalo/genny v0.0.0-20180911185118-5ca23a895a78/go.mod h1:e694VPwR0+kdvN8aSzC0T7+D6LwOs526YdZvAnw35Og=
github.com/gobuffalo/genny v0.0.0-20180918201921-ac6244947a9a/go.mod h1:o0XtBk+olc3Kt5D6vld+XkKvUz3Y7t/SqcBNB2XB1lc=
github.com/gobuffalo/genny v0.0.0-20180921151430-2d326bbbbcb1/go.mod h1:8wmnQwASeX0/m66Sd6qisbIBn9MGoxRbBe0DNEUVLZs=
github.com/gobuffalo/genny v0.0.0-20180922164512-230e627635f7/go.mod h1:8wmnQwASeX0/m66Sd6qisbIBn9MGoxRbBe0DNEUVLZs=
github.com/gobuffalo/genny v0.0.0-20180924032338-7af3a40f2252/go.mod h1:tUTQOogrr7tAQnhajMSH6rv1BVev34H2sa1xNHMy94g=
github.com/gobuffalo/genny v0.0.0-20180924035723-a6a364609caf/go.mod h1:+NiDK371DHISWnXZWaBKoJ1ZPHLprDnSXt6NpiV9JqE=
github.com/gobuffalo/genny v0.0.0-20180924040918-fce452ea81be h1:JesZnM2NvQ6RCkiEszDy2jQdQ4xpDNmJ2lPcWdUVVwg=
github.com/gobuffalo/genny v0.0.0-20180924040918-fce452ea81be/go.mod h1:jm0W3oe9WQnNUq1DY5w1Ow9SvXc5y9joYuWYyRLmHoA=
github.com/gobuffalo/github_flavored_markdown v1.0.0/go.mod h1:c8/8gRnd6MSyyk+fp6E8O8cUTHd7P2cnDnH4G7o91l0=
github.com/gobuffalo/github_flavored_markdown v1.0.4/go.mod h1:uRowCdK+q8d/RF0Kt3/DSalaIXbb0De/dmTqMQdkQ4I=
github.com/gobuffalo/github_flavored_markdown v1.0.5 h1:YvGVf7yj1akgsb+qc64Q0WX8uhpuZSibChbqOMRSAqE=
github.com/gobuffalo/github_flavored_markdown v1.0.5/go.mod h1:U0643QShPF+OF2tJvYNiYDLDGDuQmJZXsf/bHOJPsMY=
github.com/gobuffalo/httptest v1.0.1 h1:F7KibLzHAHy1UZVpqwcd95aKcoI3gbSj7FgkDZ9lHow=
github.com/gobuffalo/httptest v1.0.1/go.mod h1:ZLh197oiAQAJO2L7WYaZhllanqUUkWsUQ75bU6D1J6A=
github.com/gobuffalo/licenser v0.0.0-20180911183003-6611b155b234/go.mod h1:dKS3aMBLM+AbeP4NdNL80CDl62D5aP/HmZ0Vwk72PLE=
github.com/gobuffalo/licenser v0.0.0-20180924033006-eae28e638a42/go.mod h1:Ubo90Np8gpsSZqNScZZkVXXAo5DGhTb+WYFIjlnog8w=
github.com/gobuffalo/makr v1.1.1/go.mod h1:1Ga9O4Gqd5xXc+AoI3eLwgu7k+gWamSUXd2Ps942KkM=
github.com/gobuffalo/makr v1.1.2/go.mod h1:5/uvRIyR+DQHJrX0UPCPF0WhQGMJG5/xd9XT9qEXQE8=
github.com/gobuffalo/makr v1.1.5 h1:lOlpv2iz0dNa4qse0ZYQgbtT+ybwVxWEAcOZbcPmeYc=
github.com/gobuffalo/makr v1.1.5/go.mod h1:Y+o0btAH1kYAMDJW/TX3+oAXEu0bmSLLoC9mIFxtzOw=
github.com/gobuffalo/mapi v0.0.0-20180919210455-5485bb0900f5/go.mod h1:4VAGh89y6rVOvm5A8fKFxYG+wIW6LO1FMTG9hnKStFc=
github.com/gobuffalo/mapi v0.0.0-20180924042459-c7d85897722b/go.mod h1:4VAGh89y6rVOvm5A8fKFxYG+wIW6LO1FMTG9hnKStFc=
github.com/gobuffalo/mapi v1.0.0 h1:9zYDVEhaNO69oSBNGErd4q+Qo6ogMumkvC7nYgB3Dz4=
github.com/gobuffalo/mapi v1.0.0/go.mod h1:4VAGh89y6rVOvm5A8fKFxYG+wIW6LO1FMTG9hnKStFc=
github.com/gobuffalo/mw-basicauth v0.0.0-20180802152105-15d67c4ac152 h1:gxsF8w9epZSG/LrhrIfBDrqxDwjNPv0J1hkGVCmDExo=
github.com/gobuffalo/mw-basicauth v0.0.0-20180802152105-15d67c4ac152/go.mod h1:+vSUajk1TCB7xvyLuDIzhIK+XKqn0St6xLK/CxxpUU4=
github.com/gobuffalo/mw-contenttype v0.0.0-20180802152300-74f5a47f4d56 h1:SUFp8EbFjlKXkvqstoxPWx3nVPV3BSKZTswQNTZFaik=
github.com/gobuffalo/mw-contenttype v0.0.0-20180802152300-74f5a47f4d56/go.mod h1:7EvcmzBbeCvFtQm5GqF9ys6QnCxz2UM1x0moiWLq1No=
github.com/gobuffalo/mw-csrf v0.0.0-20180802151833-446ff26e108b h1:A13B4mhcFQcjPJ1GFBrh61B4Qo87fZa82FfTt9LX/QU=
github.com/gobuffalo/mw-csrf v0.0.0-20180802151833-446ff26e108b/go.mod h1:sbGtb8DmDZuDUQoxjr8hG1ZbLtZboD9xsn6p77ppcHo=
github.com/gobuffalo/mw-forcessl v0.0.0-20180802152810-73921ae7a130 h1:v94+IGhlBro0Lz1gOR3lrdAVSZ0mJF2NxsdppKd7FnI=
github.com/gobuffalo/mw-forcessl v0.0.0-20180802152810-73921ae7a130/go.mod h1:JvNHRj7bYNAMUr/5XMkZaDcw3jZhUZpsmzhd//FFWmQ=
github.com/gobuffalo/mw-i18n v0.0.0-20180802152014-e3060b7e13d6 h1:pZhsgF8RXEngHdibuRNOXNk1pL0K9rFa5HOcvURNTQ4=
github.com/gobuffalo/mw-i18n v0.0.0-20180802152014-e3060b7e13d6/go.mod h1:91AQfukc52A6hdfIfkxzyr+kpVYDodgAeT5cjX1UIj4=
github.com/gobuffalo/mw-paramlogger v0.0.0-20180917205648-9e0d9b7760c0 h1:liPwwUdOZ/wIe9/2CFb3sqOSKDKqVbCJJENueLGg8rI=
github.com/gobuffalo/mw-paramlogger v0.0.0-20180917205648-9e0d9b7760c0/go.mod h1:6OJr6VwSzgJMqWMj7TYmRUqzNe2LXu/W1rRW4MAz/ME=
github.com/gobuffalo/mw-tokenauth v0.0.0-20180802152212-d09751da96e0 h1:v5r9HjKo88iTByIoeNARxrzfZbrQzm/yKlCBXB/RkMw=
github.com/gobuffalo/mw-tokenauth v0.0.0-20180802152212-d09751da96e0/go.mod h1:UqBF00IfKvd39ni5+yI5MLMjAf4gX7cDKN/26zDOD6c=
github.com/gobuffalo/packr v1.13.1/go.mod h1:m3J/Q/tkaODAQq3r6NyWhDhJs2cVZS/lU0+0Edmfv3c=
github.com/gobuffalo/packr v1.13.2/go.mod h1:qdqw8AgJyKw60qj56fnEBiS9fIqqCaP/vWJQvR4Jcss=
github.com/gobuffalo/packr v1.13.3/go.mod h1:qdqw8AgJyKw60qj56fnEBiS9fIqqCaP/vWJQvR4Jcss=
github.com/gobuffalo/packr v1.13.4/go.mod h1:mDIuCJAdKuJD/M4Ub4ulEXde03DEPZc1HZfL2MxAn44=
github.com/gobuffalo/packr v1.13.5/go.mod h1:5ZO3lt3n2C4ZG9ZBD7x2Or5Kvulw0E/8rzDuY/L4JZ8=
github.com/gobuffalo/packr v1.13.7 h1:2uZgLd6b/W4yRBZV/ScaORxZLNGMHO0VCvqQNkKukNA=
github.com/gobuffalo/packr v1.13.7/go.mod h1:KkinLIn/n6+3tVXMwg6KkNvWwVsrRAz4ph+jgpk3Z24=
github.com/gobuffalo/plush v0.0.0-20180810170812-274552812256/go.mod h1:vdLIKHIw/7fnuNo9clH7hkIP50T27JgtfrcD2mnqIBM=
github.com/gobuffalo/plush v3.7.16+incompatible h1:nonpy24axg04np13bYi0zNu3gr812cXKJDNLSkKcEwk=
github.com/gobuffalo/plush v3.7.16+incompatible/go.mod h1:rQ4zdtUUyZNqULlc6bqd5scsPfLKfT0+TGMChgduDvI=
github.com/gobuffalo/pop v0.0.0-20180810203029-9f8bf0c11920/go.mod h1:rYdFIDMO4v9I4SK6BQ3q+vnd5HlQnTtlY/ANF7wKzGM=
github.com/gobuffalo/pop v4.7.3+incompatible h1:HwfbVtfNJR8OitMrUg9f9XP37SxbL5tnQNrh0PG271s=
github.com/gobuffalo/pop v4.7.3+incompatible/go.mod h1:DwBz3SD5SsHpTZiTubcsFWcVDpJWGsxjVjMPnkiThWg=
github.com/gobuffalo/release v1.0.7/go.mod h1:fJfvbgm624b3lCuMeK5w0E9t06dd4EHlUlzSv0icJHA=
github.com/gobuffalo/release v1.0.10/go.mod h1:HpNe26lUCPWdMOoQqGk5di5WOlDrcdPbqH2ZL/s2jD8=
github.com/gobuffalo/release v1.0.11/go.mod h1:f8b4Cc2HaHNH1xCvRKPPK0aNt1wX/xxZkmV3/AdEu14=
github.com/gobuffalo/release v1.0.15/go.mod h1:+o8sFaBFjjxCQiyo0S8bd7Tgv8t2pBrU12xd8bZQuBk=
github.com/gobuffalo/release v1.0.17/go.mod h1:ZK/f7bzk4uxNEUnX9xOroXHhOA8bOg+2RuDjyUIuyUQ=
github.com/gobuffalo/release v1.0.23/go.mod h1:d2SLlqcda9lVgUO0XHpYP+qKr7lQkfsD2QjhUwwuJBY=
github.com/gobuffalo/shoulders v0.0.0-20180904151418-9cac5899ceee/go.mod h1:atyzRdR+uoOgsuA3AL82yYx5yJ4vONfDYtQXZCuT9TI=
github.com/gobuffalo/tags v2.0.6+incompatible/go.mod h1:9XmhOkyaB7UzvuY4UoZO4s67q8/xRMVJEaakauVQYeY=
github.com/gobuffalo/tags v2.0.10+incompatible/go.mod h1:9XmhOkyaB7UzvuY4UoZO4s67q8/xRMVJEaakauVQYeY=
github.com/gobuffalo/tags v2.0.11+incompatible h1:zLkaontB8lWefU+DX38mzPLRKFGTJL8FKb9JnKMt0Z0=
github.com/gobuffalo/tags v2.0.11+incompatible/go.mod h1:9XmhOkyaB7UzvuY4UoZO4s67q8/xRMVJEaakauVQYeY=
github.com/gobuffalo/uuid v2.0.0+incompatible/go.mod h1:ErhIzkRhm0FtRuiE/PeORqcw4cVi1RtSpnwYrxuvkfE=
github.com/gobuffalo/uuid v2.0.3+incompatible h1:W83ymTRbzM+XNntIsjC8j63FyzGytcfKTudU1Cg6xyk=
github.com/gobuffalo/uuid v2.0.3+incompatible/go.mod h1:ErhIzkRhm0FtRuiE/PeORqcw4cVi1RtSpnwYrxuvkfE=
github.com/gobuffalo/validate v2.0.0+incompatible/go.mod h1:N+EtDe0J8252BgfzQUChBgfd6L93m9weay53EWFVsMM=
github.com/gobuffalo/validate v2.0.3+incompatible h1:6f4JCEz11Zi6iIlexMv7Jz10RBPvgI795AOaubtCwTE=
github.com/gobuffalo/validate v2.0.3+incompatible/go.mod h1:N+EtDe0J8252BgfzQUChBgfd6L93m9weay53EWFVsMM=
github.com/gobuffalo/x v0.0.0-20180117215853-11ca13c05abd/go.mod h1:WevpGD+5YOreDJznWevcn8NTmQEW5STSBgIkpkjzqXc=
github.com/gobuffalo/x v0.0.0-20180816203319-dc54d929c4a2/go.mod h1:oX3kj94UfTZqmz9XowUgR7Ghpz5I+JmkMDpWJlwa9h8=
github.com/gobuffalo/x v0.0.0-20180924043718-b9bd64714615 h1:jqp3UQXGsUq6CQCVlfASyq4CGHH3rD+EgHmmTjYQSQk=
github.com/gobuffalo/x v0.0.0-20180924043718-b9bd64714615/go.mod h1:WevpGD+5YOreDJznWevcn8NTmQEW5STSBgIkpkjzqXc=
github.com/golang/protobuf v1.1.0/go.mod h1:6lQm79b+lXiMfvg/cZm0SGofjICqVBUtrP5yJMmIC1U=
github.com/golang/protobuf v1.2.0 h1:P3YflyNX/ehuJFLhxviNdFxQPkGK5cDcApsge1SqnvM=
github.com/golang/protobuf v1.2.0/go.mod h1:6lQm79b+lXiMfvg/cZm0SGofjICqVBUtrP5yJMmIC1U=
github.com/gorilla/context v1.1.1 h1:AWwleXJkX/nhcU9bZSnZoi3h/qGYqQAGhq6zZe/aQW8=
github.com/gorilla/context v1.1.1/go.mod h1:kBGZzfjB9CEq2AlWe17Uuf7NDRt0dE0s8S51q0aT7Yg=
github.com/gorilla/mux v1.6.2 h1:Pgr17XVTNXAk3q/r4CpKzC5xBM/qW1uVLV+IhRZpIIk=
github.com/gorilla/mux v1.6.2/go.mod h1:1lud6UwP+6orDFRuTfBEV8e9/aOM/c4fVVCaMa2zaAs=
github.com/gorilla/pat v0.0.0-20180118222023-199c85a7f6d1 h1:LqbZZ9sNMWVjeXS4NN5oVvhMjDyLhmA1LG86oSo+IqY=
github.com/gorilla/pat v0.0.0-20180118222023-199c85a7f6d1/go.mod h1:YeAe0gNeiNT5hoiZRI4yiOky6jVdNvfO2N6Kav/HmxY=
github.com/gorilla/securecookie v1.1.1 h1:miw7JPhV+b/lAHSXz4qd/nN9jRiAFV5FwjeKyCS8BvQ=
github.com/gorilla/securecookie v1.1.1/go.mod h1:ra0sb63/xPlUeL+yeDciTfxMRAA+MP+HVt/4epWDjd4=
github.com/gorilla/sessions v1.1.1/go.mod h1:8KCfur6+4Mqcc6S0FEfKuN15Vl5MgXW92AE8ovaJD0w=
github.com/gorilla/sessions v1.1.2 h1:4esMHhwKLQ9Odtku/p+onvH+eRJFWjV4y3iTDVWrZNU=
github.com/gorilla/sessions v1.1.2/go.mod h1:8KCfur6+4Mqcc6S0FEfKuN15Vl5MgXW92AE8ovaJD0w=
github.com/hashicorp/hcl v1.0.0 h1:0Anlzjpi4vEasTeNFn2mLJgTSwt0+6sfsiTG8qcWGx4=
github.com/hashicorp/hcl v1.0.0/go.mod h1:E5yfLk+7swimpb2L/Alb/PJmXilQ/rhwaUYs4T20WEQ=
github.com/hpcloud/tail v1.0.0 h1:nfCOvKYfkgYP8hkirhJocXT2+zOD8yUNjXaWfTlyFKI=
github.com/hpcloud/tail v1.0.0/go.mod h1:ab1qPbhIpdTxEkNHXyeSf5vhxWSCs/tWer42PpOxQnU=
github.com/inconshreveable/mousetrap v1.0.0 h1:Z8tu5sraLXCXIcARxBp/8cbvlwVa7Z1NHg9XEKhtSvM=
github.com/inconshreveable/mousetrap v1.0.0/go.mod h1:PxqpIevigyE2G7u3NXJIT2ANytuPF1OarO4DADm73n8=
github.com/jmoiron/sqlx v0.0.0-20180614180643-0dae4fefe7c0 h1:5B0uxl2lzNRVkJVg+uGHxWtRt4C0Wjc6kJKo5XYx8xE=
github.com/jmoiron/sqlx v0.0.0-20180614180643-0dae4fefe7c0/go.mod h1:IiEW3SEiiErVyFdH8NTuWjSifiEQKUoyK3LNqr2kCHU=
github.com/joho/godotenv v1.2.0/go.mod h1:7hK45KPybAkOC6peb+G5yklZfMxEjkZhHbwpqxOKXbg=
github.com/joho/godotenv v1.3.0 h1:Zjp+RcGpHhGlrMbJzXTrZZPrWj+1vfm90La1wgB6Bhc=
github.com/joho/godotenv v1.3.0/go.mod h1:7hK45KPybAkOC6peb+G5yklZfMxEjkZhHbwpqxOKXbg=
github.com/kr/pretty v0.1.0 h1:L/CwN0zerZDmRFUapSPitk6f+Q3+0za1rQkzVuMiMFI=
github.com/kr/pretty v0.1.0/go.mod h1:dAy3ld7l9f0ibDNOQOHHMYYIIbhfbHSm3C4ZsoJORNo=
github.com/kr/pty v1.1.1/go.mod h1:pFQYn66WHrOpPYNljwOMqo10TkYh1fy3cYio2l3bCsQ=
github.com/kr/text v0.1.0 h1:45sCR5RtlFHMR4UwH9sdQ5TC8v0qDQCHnXt+kaKSTVE=
github.com/kr/text v0.1.0/go.mod h1:4Jbv+DJW3UT/LiOwJeYQe1efqtUx/iVham/4vfdArNI=
github.com/lib/pq v0.0.0-20180523175426-90697d60dd84/go.mod h1:5WUZQaWbwv1U+lTReE5YruASi9Al49XbQIvNi/34Woo=
github.com/lib/pq v1.0.0 h1:X5PMW56eZitiTeO7tKzZxFCSpbFZJtkMMooicw2us9A=
github.com/lib/pq v1.0.0/go.mod h1:5WUZQaWbwv1U+lTReE5YruASi9Al49XbQIvNi/34Woo=
github.com/magiconair/properties v1.8.0 h1:LLgXmsheXeRoUOBOjtwPQCWIYqM/LU1ayDtDePerRcY=
github.com/magiconair/properties v1.8.0/go.mod h1:PppfXfuXeibc/6YijjN8zIbojt8czPbwD3XqdrwzmxQ=
github.com/markbates/deplist v1.0.2/go.mod h1:ZerU6FuDYMFbdh+BdCNmce+SexbmOZd/ftnrcxVyNXQ=
github.com/markbates/deplist v1.0.3 h1:rhStDS7mpqnZyoSuEmE+wHtpeGuDNhSrIiYcux8RuVs=
github.com/markbates/deplist v1.0.3/go.mod h1:CNJf81LPh/KJNv/URRusYYPFJDrsKUniUzUK/F4b7G4=
github.com/markbates/going v1.0.0/go.mod h1:I6mnB4BPnEeqo85ynXIx1ZFLLbtiLHNXVgWeFO9OGOA=
github.com/markbates/going v1.0.1/go.mod h1:I6mnB4BPnEeqo85ynXIx1ZFLLbtiLHNXVgWeFO9OGOA=
github.com/markbates/going v1.0.2 h1:uNQHDDfMRNOUmuxDbPbvatyw4wr4UOSUZkGkdkcip1o=
github.com/markbates/going v1.0.2/go.mod h1:UWCk3zm0UKefHZ7l8BNqi26UyiEMniznk8naLdTcy6c=
github.com/markbates/grift v0.0.0-20180319170132-76f93617a788/go.mod h1:6qyNEZSY8v6duE2tBtO/tPgBvxhT7g7DnQoIYpEyCfw=
github.com/markbates/grift v1.0.0/go.mod h1:6qyNEZSY8v6duE2tBtO/tPgBvxhT7g7DnQoIYpEyCfw=
github.com/markbates/grift v1.0.1/go.mod h1:aC7s7OfCOzc2WCafmTm7wI3cfGFA/8opYhdTGlIAmmo=
github.com/markbates/grift v1.0.2 h1:YfpzGSGAvaYiJdiV/3ana8VCJdQJkpSd7qSRlE54d7s=
github.com/markbates/grift v1.0.2/go.mod h1:J3HchaGp65DK17HfcxT37aFHaDjGW51024WcwMav8Wo=
github.com/markbates/hmax v1.0.0 h1:yo2N0gBoCnUMKhV/VRLHomT6Y9wUm+oQQENuWJqCdlM=
github.com/markbates/hmax v1.0.0/go.mod h1:cOkR9dktiESxIMu+65oc/r/bdY4bE8zZw3OLhLx0X2c=
github.com/markbates/inflect v1.0.0 h1:gTffXSQCc+WaIvBcI/IItJQMOemietXr5EIKLXDYqI4=
github.com/markbates/inflect v1.0.0/go.mod h1:oTeZL2KHA7CUX6X+fovmK9OvIOFuqu0TwdQrZjLTh88=
github.com/markbates/oncer v0.0.0-20180911182537-c659b9304060/go.mod h1:rwZBl6yM6wSTptDSNbV86jNkXmrr8TYPQ3/qwkrIkp0=
github.com/markbates/oncer v0.0.0-20180911185008-7302a2cd9114/go.mod h1:rwZBl6yM6wSTptDSNbV86jNkXmrr8TYPQ3/qwkrIkp0=
github.com/markbates/oncer v0.0.0-20180921140201-d941c19fb28a/go.mod h1:rwZBl6yM6wSTptDSNbV86jNkXmrr8TYPQ3/qwkrIkp0=
github.com/markbates/oncer v0.0.0-20180924031910-e862a676800b/go.mod h1:Ld9puTsIW75CHf65OeIOkyKbteujpZVXDpWK6YGZbxE=
github.com/markbates/oncer v0.0.0-20180924034138-723ad0170a46 h1:hE7AFWf+YsdjT67d8uMxhirH3FG5Up2ovbwFWjamdt4=
github.com/markbates/oncer v0.0.0-20180924034138-723ad0170a46/go.mod h1:Ld9puTsIW75CHf65OeIOkyKbteujpZVXDpWK6YGZbxE=
github.com/markbates/refresh v1.4.1/go.mod h1:og/05QDfszH/SCl3w8VI2Or990yna0wS2lqRcJoDqAg=
github.com/markbates/refresh v1.4.7/go.mod h1:2G3FyugwHQX33+HtC7B5X2ZioIxF4UzjjeKMLGuNELo=
github.com/markbates/refresh v1.4.8 h1:Qj5UfSVFDsjPl3NaIpD+eG2WFkoWftch0DZDfuu7S8A=
github.com/markbates/refresh v1.4.8/go.mod h1:l9HCdgQRlK/GyW9phtWhJe2HdR3yrEE+vYCY7yPKgc4=
github.com/markbates/sigtx v1.0.0 h1:y/xtkBvNPRjD4KeEplf4w9rJVSc23/xl+jXYGowTwy0=
github.com/markbates/sigtx v1.0.0/go.mod h1:QF1Hv6Ic6Ca6W+T+DL0Y/ypborFKyvUY9HmuCD4VeTc=
github.com/markbates/willie v1.0.6/go.mod h1:XtK+fmQ7tgVMIVAS1ghwuqVPup3GtgrNY3UCvUlPdzM=
github.com/markbates/willie v1.0.7 h1:0W+oMu9Ah+jvukKH9OmXFeKNDmbjqry8BcS9dQiRshU=
github.com/markbates/willie v1.0.7/go.mod h1:42G0jXiZEVLXutUa33JFH8tQW2dsHAqwYWNlVHfPtvM=
github.com/mattn/go-colorable v0.0.9 h1:UVL0vNpWh04HeJXV0KLcaT7r06gOH2l4OW6ddYRUIY4=
github.com/mattn/go-colorable v0.0.9/go.mod h1:9vuHe8Xs5qXnSaW/c/ABM9alt+Vo+STaOChaDxuIBZU=
github.com/mattn/go-isatty v0.0.3/go.mod h1:M+lRXTBqGeGNdLjl/ufCoiOlB5xdOkqRJdNxMWT7Zi4=
github.com/mattn/go-isatty v0.0.4 h1:bnP0vzxcAdeI1zdubAl5PjU6zsERjGZb7raWodagDYs=
github.com/mattn/go-isatty v0.0.4/go.mod h1:M+lRXTBqGeGNdLjl/ufCoiOlB5xdOkqRJdNxMWT7Zi4=
github.com/mattn/go-sqlite3 v1.9.0 h1:pDRiWfl+++eC2FEFRy6jXmQlvp4Yh3z1MJKg4UeYM/4=
github.com/mattn/go-sqlite3 v1.9.0/go.mod h1:FPy6KqzDD04eiIsT53CuJW3U88zkxoIYsOqkbpncsNc=
github.com/microcosm-cc/bluemonday v1.0.0/go.mod h1:hsXNsILzKxV+sX77C5b8FSuKF00vh2OMYv+xgHpAMF4=
github.com/microcosm-cc/bluemonday v1.0.1 h1:SIYunPjnlXcW+gVfvm0IlSeR5U3WZUOLfVmqg85Go44=
github.com/microcosm-cc/bluemonday v1.0.1/go.mod h1:hsXNsILzKxV+sX77C5b8FSuKF00vh2OMYv+xgHpAMF4=
github.com/mitchellh/go-homedir v0.0.0-20180523094522-3864e76763d9/go.mod h1:SfyaCUpYCn1Vlf4IUYiD9fPX4A5wJrkLzIz1N1q0pr0=
github.com/mitchellh/go-homedir v0.0.0-20180801233206-58046073cbff/go.mod h1:SfyaCUpYCn1Vlf4IUYiD9fPX4A5wJrkLzIz1N1q0pr0=
github.com/mitchellh/go-homedir v1.0.0 h1:vKb8ShqSby24Yrqr/yDYkuFz8d0WUjys40rvnGC8aR0=
github.com/mitchellh/go-homedir v1.0.0/go.mod h1:SfyaCUpYCn1Vlf4IUYiD9fPX4A5wJrkLzIz1N1q0pr0=
github.com/mitchellh/mapstructure v1.0.0 h1:vVpGvMXJPqSDh2VYHF7gsfQj8Ncx+Xw5Y1KHeTRY+7I=
github.com/mitchellh/mapstructure v1.0.0/go.mod h1:FVVH3fgwuzCH5S8UJGiWEs2h04kUh9fWfEaFds41c1Y=
github.com/monoculum/formam v0.0.0-20170619223434-99ca9dcbaca6/go.mod h1:RKgILGEJq24YyJ2ban8EO0RUVSJlF1pGsEvoLEACr/Q=
github.com/monoculum/formam v0.0.0-20180901015400-4e68be1d79ba h1:FEJJhVHSH+Kyxa5qNe/7dprlZbFcj2TG51OWIouhwls=
github.com/monoculum/formam v0.0.0-20180901015400-4e68be1d79ba/go.mod h1:RKgILGEJq24YyJ2ban8EO0RUVSJlF1pGsEvoLEACr/Q=
github.com/nicksnyder/go-i18n v1.10.0 h1:5AzlPKvXBH4qBzmZ09Ua9Gipyruv6uApMcrNZdo96+Q=
github.com/nicksnyder/go-i18n v1.10.0/go.mod h1:HrK7VCrbOvQoUAQ7Vpy7i87N7JZZZ7R2xBGjv0j365Q=
github.com/onsi/ginkgo v1.6.0 h1:Ix8l273rp3QzYgXSR+c8d1fTG7UPgYkOSELPhiY/YGw=
github.com/onsi/ginkgo v1.6.0/go.mod h1:lLunBs/Ym6LB5Z9jYTR76FiuTmxDTDusOGeTQH+WWjE=
github.com/onsi/gomega v1.4.1/go.mod h1:C1qb7wdrVGGVU+Z6iS04AVkA3Q65CEZX59MT0QO5uiA=
github.com/onsi/gomega v1.4.2 h1:3mYCb7aPxS/RU7TI1y4rkEn1oKmPRjNJLNEXgw7MH2I=
github.com/onsi/gomega v1.4.2/go.mod h1:ex+gbHU/CVuBBDIJjb2X0qEXbFg53c61hWP/1CpauHY=
github.com/pelletier/go-toml v1.2.0 h1:T5zMGML61Wp+FlcbWjRDT7yAxhJNAiPPLOFECq181zc=
github.com/pelletier/go-toml v1.2.0/go.mod h1:5z9KED0ma1S8pY6P1sdut58dfprrGBbd/94hg7ilaic=
github.com/pkg/errors v0.8.0 h1:WdK/asTD0HN+q6hsWO3/vpuAkAr+tw6aNJNDFFf0+qw=
github.com/pkg/errors v0.8.0/go.mod h1:bwawxfHBFNV+L2hUp1rHADufV3IMtnDRdf1r5NINEl0=
github.com/pmezard/go-difflib v1.0.0 h1:4DBwDE0NGyQoBHbLQYPwSUPoCMWR5BEzIk/f1lZbAQM=
github.com/pmezard/go-difflib v1.0.0/go.mod h1:iKH77koFhYxTK1pcRnkKkqfTogsbg7gZNVY4sRDYZ/4=
github.com/serenize/snaker v0.0.0-20171204205717-a683aaf2d516 h1:ofR1ZdrNSkiWcMsRrubK9tb2/SlZVWttAfqUjJi6QYc=
github.com/serenize/snaker v0.0.0-20171204205717-a683aaf2d516/go.mod h1:Yow6lPLSAXx2ifx470yD/nUe22Dv5vBvxK/UK9UUTVs=
github.com/sergi/go-diff v1.0.0 h1:Kpca3qRNrduNnOQeazBd0ysaKrUJiIuISHxogkT9RPQ=
github.com/sergi/go-diff v1.0.0/go.mod h1:0CfEIISq7TuYL3j771MWULgwwjU+GofnZX9QAmXWZgo=
github.com/shurcooL/go v0.0.0-20180423040247-9e1955d9fb6e h1:MZM7FHLqUHYI0Y/mQAt3d2aYa0SiNms/hFqC9qJYolM=
github.com/shurcooL/go v0.0.0-20180423040247-9e1955d9fb6e/go.mod h1:TDJrrUr11Vxrven61rcy3hJMUqaf/CLWYhHNPmT14Lk=
github.com/shurcooL/go-goon v0.0.0-20170922171312-37c2f522c041 h1:llrF3Fs4018ePo4+G/HV/uQUqEI1HMDjCeOf2V6puPc=
github.com/shurcooL/go-goon v0.0.0-20170922171312-37c2f522c041/go.mod h1:N5mDOmsrJOB+vfqUK+7DmDyjhSLIIBnXo9lvZJj3MWQ=
github.com/shurcooL/graphql v0.0.0-20180514000029-62c9ce094e75/go.mod h1:AuYgA5Kyo4c7HfUmvRGs/6rGlMMV/6B1bVnB9JxJEEg=
github.com/shurcooL/highlight_diff v0.0.0-20170515013008-09bb4053de1b h1:vYEG87HxbU6dXj5npkeulCS96Dtz5xg3jcfCgpcvbIw=
github.com/shurcooL/highlight_diff v0.0.0-20170515013008-09bb4053de1b/go.mod h1:ZpfEhSmds4ytuByIcDnOLkTHGUI6KNqRNPDLHDk+mUU=
github.com/shurcooL/highlight_go v0.0.0-20170515013102-78fb10f4a5f8 h1:xLQlo0Ghg8zBaQi+tjpK+z/WLjbg/BhAWP9pYgqo/LQ=
github.com/shurcooL/highlight_go v0.0.0-20170515013102-78fb10f4a5f8/go.mod h1:UDKB5a1T23gOMUJrI+uSuH0VRDStOiUVSjBTRDVBVag=
github.com/shurcooL/octicon v0.0.0-20180602230221-c42b0e3b24d9 h1:j3cAp1j8k/tSLaCcDiXIpVJ8FzSJ9g1eeOAPRJYM75k=
github.com/shurcooL/octicon v0.0.0-20180602230221-c42b0e3b24d9/go.mod h1:eWdoE5JD4R5UVWDucdOPg1g2fqQRq78IQa9zlOV1vpQ=
github.com/shurcooL/sanitized_anchor_name v0.0.0-20170918181015-86672fcb3f95 h1:/vdW8Cb7EXrkqWGufVMES1OH2sU9gKVb2n9/1y5NMBY=
github.com/shurcooL/sanitized_anchor_name v0.0.0-20170918181015-86672fcb3f95/go.mod h1:1NzhyTcUVG4SuEtjjoZeVRXNmyL/1OwPU0+IJeTBvfc=
github.com/sirupsen/logrus v1.0.6 h1:hcP1GmhGigz/O7h1WVUM5KklBp1JoNS9FggWKdj/j3s=
github.com/sirupsen/logrus v1.0.6/go.mod h1:pMByvHTf9Beacp5x1UXfOR9xyW/9antXMhjMPG0dEzc=
github.com/sourcegraph/annotate v0.0.0-20160123013949-f4cad6c6324d h1:yKm7XZV6j9Ev6lojP2XaIshpT4ymkqhMeSghO5Ps00E=
github.com/sourcegraph/annotate v0.0.0-20160123013949-f4cad6c6324d/go.mod h1:UdhH50NIW0fCiwBSr0co2m7BnFLdv4fQTgdqdJTHFeE=
github.com/sourcegraph/syntaxhighlight v0.0.0-20170531221838-bd320f5d308e h1:qpG93cPwA5f7s/ZPBJnGOYQNK/vKsaDaseuKT5Asee8=
github.com/sourcegraph/syntaxhighlight v0.0.0-20170531221838-bd320f5d308e/go.mod h1:HuIsMU8RRBOtsCgI77wP899iHVBQpCmg4ErYMZB+2IA=
github.com/spf13/afero v1.1.2 h1:m8/z1t7/fwjysjQRYbP0RD+bUIF/8tJwPdEZsI83ACI=
github.com/spf13/afero v1.1.2/go.mod h1:j4pytiNVoe2o6bmDsKpLACNPDBIoEAkihy7loJ1B0CQ=
github.com/spf13/cast v1.2.0 h1:HHl1DSRbEQN2i8tJmtS6ViPyHx35+p51amrdsiTCrkg=
github.com/spf13/cast v1.2.0/go.mod h1:r2rcYCSwa1IExKTDiTfzaxqT2FNHs8hODu4LnUfgKEg=
github.com/spf13/cobra v0.0.3 h1:ZlrZ4XsMRm04Fr5pSFxBgfND2EBVa1nLpiy1stUsX/8=
github.com/spf13/cobra v0.0.3/go.mod h1:1l0Ry5zgKvJasoi3XT1TypsSe7PqH0Sj9dhYf7v3XqQ=
github.com/spf13/jwalterweatherman v1.0.0 h1:XHEdyB+EcvlqZamSM4ZOMGlc93t6AcsBEu9Gc1vn7yk=
github.com/spf13/jwalterweatherman v1.0.0/go.mod h1:cQK4TGJAtQXfYWX+Ddv3mKDzgVb68N+wFjFa4jdeBTo=
github.com/spf13/pflag v1.0.1/go.mod h1:DYY7MBk1bdzusC3SYhjObp+wFpr4gzcvqqNjLnInEg4=
github.com/spf13/pflag v1.0.2 h1:Fy0orTDgHdbnzHcsOgfCN4LtHf0ec3wwtiwJqwvf3Gc=
github.com/spf13/pflag v1.0.2/go.mod h1:DYY7MBk1bdzusC3SYhjObp+wFpr4gzcvqqNjLnInEg4=
github.com/spf13/viper v1.2.0 h1:M4Rzxlu+RgU4pyBRKhKaVN1VeYOm8h2jgyXnAseDgCc=
github.com/spf13/viper v1.2.0/go.mod h1:P4AexN0a+C9tGAnUFNwDMYYZv3pjFuvmeiMyKRaNVlI=
github.com/stretchr/testify v1.2.2 h1:bSDNvY7ZPG5RlJ8otE/7V6gMiyenm9RtJ7IUVIAoJ1w=
github.com/stretchr/testify v1.2.2/go.mod h1:a8OnRcib4nhh0OaRAV+Yts87kKdq0PP7pXfy6kDkUVs=
github.com/unrolled/secure v0.0.0-20180618144512-8287f3899c8e/go.mod h1:mnPT77IAdsi/kV7+Es7y+pXALeV3h7G6dQF6mNYjcLA=
github.com/unrolled/secure v0.0.0-20180918153822-f340ee86eb8b h1:BcYLITOE/4y1IAcNb0XsnDMskrWaBNLj/ckrG8sufOc=
github.com/unrolled/secure v0.0.0-20180918153822-f340ee86eb8b/go.mod h1:mnPT77IAdsi/kV7+Es7y+pXALeV3h7G6dQF6mNYjcLA=
golang.org/x/crypto v0.0.0-20180808211826-de0752318171/go.mod h1:6SG95UA2DQfeDnfUPMdvaQW0Q7yPrPDi9nlGo2tz2b4=
golang.org/x/crypto v0.0.0-20180904163835-0709b304e793/go.mod h1:6SG95UA2DQfeDnfUPMdvaQW0Q7yPrPDi9nlGo2tz2b4=
golang.org/x/crypto v0.0.0-20180910181607-0e37d006457b h1:2b9XGzhjiYsYPnKXoEfL7klWZQIt8IfyRCz62gCqqlQ=
golang.org/x/crypto v0.0.0-20180910181607-0e37d006457b/go.mod h1:6SG95UA2DQfeDnfUPMdvaQW0Q7yPrPDi9nlGo2tz2b4=
golang.org/x/net v0.0.0-20180724234803-3673e40ba225/go.mod h1:mL1N/T3taQHkDXs73rZJwtUhF3w3ftmwwsq0BUmARs4=
golang.org/x/net v0.0.0-20180801234040-f4c29de78a2a/go.mod h1:mL1N/T3taQHkDXs73rZJwtUhF3w3ftmwwsq0BUmARs4=
golang.org/x/net v0.0.0-20180808004115-f9ce57c11b24/go.mod h1:mL1N/T3taQHkDXs73rZJwtUhF3w3ftmwwsq0BUmARs4=
golang.org/x/net v0.0.0-20180811021610-c39426892332/go.mod h1:mL1N/T3taQHkDXs73rZJwtUhF3w3ftmwwsq0BUmARs4=
golang.org/x/net v0.0.0-20180816102801-aaf60122140d/go.mod h1:mL1N/T3taQHkDXs73rZJwtUhF3w3ftmwwsq0BUmARs4=
golang.org/x/net v0.0.0-20180826012351-8a410e7b638d/go.mod h1:mL1N/T3taQHkDXs73rZJwtUhF3w3ftmwwsq0BUmARs4=
golang.org/x/net v0.0.0-20180906233101-161cd47e91fd/go.mod h1:mL1N/T3taQHkDXs73rZJwtUhF3w3ftmwwsq0BUmARs4=
golang.org/x/net v0.0.0-20180911220305-26e67e76b6c3/go.mod h1:mL1N/T3taQHkDXs73rZJwtUhF3w3ftmwwsq0BUmARs4=
golang.org/x/net v0.0.0-20180921000356-2f5d2388922f h1:QM2QVxvDoW9PFSPp/zy9FgxJLfaWTZlS61KEPtBwacM=
golang.org/x/net v0.0.0-20180921000356-2f5d2388922f/go.mod h1:mL1N/T3taQHkDXs73rZJwtUhF3w3ftmwwsq0BUmARs4=
golang.org/x/sync v0.0.0-20180314180146-1d60e4601c6f h1:wMNYb4v58l5UBM7MYRLPG6ZhfOqbKu7X5eyFl8ZhKvA=
golang.org/x/sync v0.0.0-20180314180146-1d60e4601c6f/go.mod h1:RxMgew5VJxzue5/jJTE5uejpjVlOe/izrB70Jof72aM=
golang.org/x/sys v0.0.0-20180616030259-6c888cc515d3/go.mod h1:STP8DvDyc/dI5b8T5hshtkjS+E42TnysNCUPdjciGhY=
golang.org/x/sys v0.0.0-20180814072032-4e1fef560951/go.mod h1:STP8DvDyc/dI5b8T5hshtkjS+E42TnysNCUPdjciGhY=
golang.org/x/sys v0.0.0-20180816055513-1c9583448a9c/go.mod h1:STP8DvDyc/dI5b8T5hshtkjS+E42TnysNCUPdjciGhY=
golang.org/x/sys v0.0.0-20180903190138-2b024373dcd9/go.mod h1:STP8DvDyc/dI5b8T5hshtkjS+E42TnysNCUPdjciGhY=
golang.org/x/sys v0.0.0-20180905080454-ebe1bf3edb33/go.mod h1:STP8DvDyc/dI5b8T5hshtkjS+E42TnysNCUPdjciGhY=
golang.org/x/sys v0.0.0-20180906133057-8cf3aee42992/go.mod h1:STP8DvDyc/dI5b8T5hshtkjS+E42TnysNCUPdjciGhY=
golang.org/x/sys v0.0.0-20180909124046-d0be0721c37e/go.mod h1:STP8DvDyc/dI5b8T5hshtkjS+E42TnysNCUPdjciGhY=
golang.org/x/sys v0.0.0-20180918153733-ee1b12c67af4/go.mod h1:STP8DvDyc/dI5b8T5hshtkjS+E42TnysNCUPdjciGhY=
golang.org/x/sys v0.0.0-20180920110915-d641721ec2de/go.mod h1:STP8DvDyc/dI5b8T5hshtkjS+E42TnysNCUPdjciGhY=
golang.org/x/sys v0.0.0-20180921163948-d47a0f339242/go.mod h1:STP8DvDyc/dI5b8T5hshtkjS+E42TnysNCUPdjciGhY=
golang.org/x/sys v0.0.0-20180924142050-c01370cb5c9b h1:IttiFPmVSU0Fu6o5f05qydRhwn3mF7V4K9Ft+gHeC08=
golang.org/x/sys v0.0.0-20180924142050-c01370cb5c9b/go.mod h1:STP8DvDyc/dI5b8T5hshtkjS+E42TnysNCUPdjciGhY=
golang.org/x/text v0.3.0 h1:g61tztE5qeGQ89tm6NTjjM9VPIm088od1l6aSorWRWg=
golang.org/x/text v0.3.0/go.mod h1:NqM8EUOU14njkJ3fqMW+pc6Ldnwhi/IjpwHt7yyuwOQ=
golang.org/x/tools v0.0.0-20180904205237-0aa4b8830f48/go.mod h1:n7NCudcB/nEzxVGmLbDWY5pfWTLqBcC2KZ6jyYvM4mQ=
golang.org/x/tools v0.0.0-20180911133044-677d2ff680c1/go.mod h1:n7NCudcB/nEzxVGmLbDWY5pfWTLqBcC2KZ6jyYvM4mQ=
golang.org/x/tools v0.0.0-20180917221912-90fa682c2a6e h1:FDhOuMEY4JVRztM/gsbk+IKUQ8kj74bxZrgw87eMMVc=
golang.org/x/tools v0.0.0-20180917221912-90fa682c2a6e/go.mod h1:n7NCudcB/nEzxVGmLbDWY5pfWTLqBcC2KZ6jyYvM4mQ=
google.golang.org/appengine v1.1.0/go.mod h1:EbEs0AVv82hx2wNQdGPgUI5lhzA/G0D9YwlJXL52JkM=
google.golang.org/appengine v1.2.0 h1:S0iUepdCWODXRvtE+gcRDd15L+k+k1AiHlMiMjefH24=
google.golang.org/appengine v1.2.0/go.mod h1:xpcJRLb0r/rnEns0DIKYYv+WjYCduHsrkT7/EB5XEv4=
gopkg.in/airbrake/gobrake.v2 v2.0.9 h1:7z2uVWwn7oVeeugY1DtlPAy5H+KYgB1KeKTnqjNatLo=
gopkg.in/airbrake/gobrake.v2 v2.0.9/go.mod h1:/h5ZAUhDkGaJfjzjKLSjv6zCL6O0LLBxU4K+aSYdM/U=
gopkg.in/alexcesaro/quotedprintable.v3 v3.0.0-20150716171945-2caba252f4dc h1:2gGKlE2+asNV9m7xrywl36YYNnBG5ZQ0r/BOOxqPpmk=
gopkg.in/alexcesaro/quotedprintable.v3 v3.0.0-20150716171945-2caba252f4dc/go.mod h1:m7x9LTH6d71AHyAX77c9yqWCCa3UKHcVEj9y7hAtKDk=
gopkg.in/check.v1 v0.0.0-20161208181325-20d25e280405/go.mod h1:Co6ibVJAznAaIkqp8huTwlJQCZ016jof/cbN4VW5Yz0=
gopkg.in/check.v1 v1.0.0-20161208181325-20d25e280405/go.mod h1:Co6ibVJAznAaIkqp8huTwlJQCZ016jof/cbN4VW5Yz0=
gopkg.in/check.v1 v1.0.0-20180628173108-788fd7840127 h1:qIbj1fsPNlZgppZ+VLlY7N33q108Sa+fhmuc+sWQYwY=
gopkg.in/check.v1 v1.0.0-20180628173108-788fd7840127/go.mod h1:Co6ibVJAznAaIkqp8huTwlJQCZ016jof/cbN4VW5Yz0=
gopkg.in/fsnotify.v1 v1.4.7 h1:xOHLXZwVvI9hhs+cLKq5+I5onOuwQLhQwiu63xxlHs4=
gopkg.in/fsnotify.v1 v1.4.7/go.mod h1:Tz8NjZHkW78fSQdbUxIjBTcgA1z1m8ZHf0WmKUhAMys=
gopkg.in/gemnasium/logrus-airbrake-hook.v2 v2.1.2 h1:OAj3g0cR6Dx/R07QgQe8wkA9RNjB2u4i700xBkIT4e0=
gopkg.in/gemnasium/logrus-airbrake-hook.v2 v2.1.2/go.mod h1:Xk6kEKp8OKb+X14hQBKWaSkCsqBpgog8nAV2xsGOxlo=
gopkg.in/gomail.v2 v2.0.0-20160411212932-81ebce5c23df/go.mod h1:LRQQ+SO6ZHR7tOkpBDuZnXENFzX8qRjMDMyPD6BRkCw=
gopkg.in/mail.v2 v2.0.0-20180301192024-63235f23494b/go.mod h1:htwXN1Qh09vZJ1NVKxQqHPBaCBbzKhp5GzuJEA4VJWw=
gopkg.in/mail.v2 v2.0.0-20180731213649-a0242b2233b4 h1:a3llQg4+Czqaf+QH4diHuHiKv4j1abMwuRXwaRNHTPU=
gopkg.in/mail.v2 v2.0.0-20180731213649-a0242b2233b4/go.mod h1:htwXN1Qh09vZJ1NVKxQqHPBaCBbzKhp5GzuJEA4VJWw=
gopkg.in/russross/blackfriday.v1 v1.5.1/go.mod h1:NAEMj3mL3YDCD1Mxuzav3y8y68EZs2OnJ9xdWYLES00=
gopkg.in/tomb.v1 v1.0.0-20141024135613-dd632973f1e7 h1:uRGJdciOHaEIrze2W8Q3AKkepLTh2hOroT7a+7czfdQ=
gopkg.in/tomb.v1 v1.0.0-20141024135613-dd632973f1e7/go.mod h1:dt/ZhP58zS4L8KSrWDmTeBkI65Dw0HsyUHuEVlX15mw=
gopkg.in/yaml.v2 v2.2.1 h1:mUhvW9EsL+naU5Q3cakzfE91YhliOondGd6ZrsDBHQE=
gopkg.in/yaml.v2 v2.2.1/go.mod h1:hI93XBmqTisBFMUTm0b8Fm+jr3Dg1NNxqwp+5A1VGuI=
